
Microsoft Visual Studio Solution File, Format Version 12.00
# Visual Studio 15
VisualStudioVersion = 15.0.28010.2016
MinimumVisualStudioVersion = 10.0.40219.1
Project("{FAE04EC0-301F-11D3-BF4B-00C04F79EFBC}") = "Packt-GetType example", "Packt-GetType example\Packt-GetType example.csproj", "{F1C20D27-70A4-404C-AE79-C47E8F847B1B}"
EndProject
Global
	GlobalSection(SolutionConfigurationPlatforms) = preSolution
		Debug|Any CPU = Debug|Any CPU
		Release|Any CPU = Release|Any CPU
	EndGlobalSection
	GlobalSection(ProjectConfigurationPlatforms) = postSolution
		{F1C20D27-70A4-404C-AE79-C47E8F847B1B}.Debug|Any CPU.ActiveCfg = Debug|Any CPU
		{F1C20D27-70A4-404C-AE79-C47E8F847B1B}.Debug|Any CPU.Build.0 = Debug|Any CPU
		{F1C20D27-70A4-404C-AE79-C47E8F847B1B}.Release|Any CPU.ActiveCfg = Release|Any CPU
		{F1C20D27-70A4-404C-AE79-C47E8F847B1B}.Release|Any CPU.Build.0 = Release|Any CPU
	EndGlobalSection
	GlobalSection(SolutionProperties) = preSolution
		HideSolutionNode = FALSE
	EndGlobalSection
	GlobalSection(ExtensibilityGlobals) = postSolution
		SolutionGuid = {02EAD086-DAC8-4151-97EF-3BA5F84CC91E}
	EndGlobalSection
EndGlobal
