
Microsoft Visual Studio Solution File, Format Version 12.00
# Visual Studio 15
VisualStudioVersion = 15.0.28010.2016
MinimumVisualStudioVersion = 10.0.40219.1
Project("{FAE04EC0-301F-11D3-BF4B-00C04F79EFBC}") = "Packt-3x1-Basics of C-sharp", "Packt-3x1-Basics of C-sharp\Packt-3x1-Basics of C-sharp.csproj", "{829C1A43-5A42-4F64-A60B-76FF0E9AAE31}"
EndProject
Global
	GlobalSection(SolutionConfigurationPlatforms) = preSolution
		Debug|Any CPU = Debug|Any CPU
		Release|Any CPU = Release|Any CPU
	EndGlobalSection
	GlobalSection(ProjectConfigurationPlatforms) = postSolution
		{829C1A43-5A42-4F64-A60B-76FF0E9AAE31}.Debug|Any CPU.ActiveCfg = Debug|Any CPU
		{829C1A43-5A42-4F64-A60B-76FF0E9AAE31}.Debug|Any CPU.Build.0 = Debug|Any CPU
		{829C1A43-5A42-4F64-A60B-76FF0E9AAE31}.Release|Any CPU.ActiveCfg = Release|Any CPU
		{829C1A43-5A42-4F64-A60B-76FF0E9AAE31}.Release|Any CPU.Build.0 = Release|Any CPU
	EndGlobalSection
	GlobalSection(SolutionProperties) = preSolution
		HideSolutionNode = FALSE
	EndGlobalSection
	GlobalSection(ExtensibilityGlobals) = postSolution
		SolutionGuid = {08EB91AF-CB16-4A9B-BDE4-99E0345FFC4D}
	EndGlobalSection
EndGlobal
