
Microsoft Visual Studio Solution File, Format Version 12.00
# Visual Studio 15
VisualStudioVersion = 15.0.28010.2016
MinimumVisualStudioVersion = 10.0.40219.1
Project("{FAE04EC0-301F-11D3-BF4B-00C04F79EFBC}") = "Packet-Arrays", "Packet-Arrays\Packet-Arrays.csproj", "{287E8045-BDAA-46FE-96A7-C468D54A5BB5}"
EndProject
Global
	GlobalSection(SolutionConfigurationPlatforms) = preSolution
		Debug|Any CPU = Debug|Any CPU
		Release|Any CPU = Release|Any CPU
	EndGlobalSection
	GlobalSection(ProjectConfigurationPlatforms) = postSolution
		{287E8045-BDAA-46FE-96A7-C468D54A5BB5}.Debug|Any CPU.ActiveCfg = Debug|Any CPU
		{287E8045-BDAA-46FE-96A7-C468D54A5BB5}.Debug|Any CPU.Build.0 = Debug|Any CPU
		{287E8045-BDAA-46FE-96A7-C468D54A5BB5}.Release|Any CPU.ActiveCfg = Release|Any CPU
		{287E8045-BDAA-46FE-96A7-C468D54A5BB5}.Release|Any CPU.Build.0 = Release|Any CPU
	EndGlobalSection
	GlobalSection(SolutionProperties) = preSolution
		HideSolutionNode = FALSE
	EndGlobalSection
	GlobalSection(ExtensibilityGlobals) = postSolution
		SolutionGuid = {51D67DA8-C524-4C25-BB9A-2AC13A87C659}
	EndGlobalSection
EndGlobal
