
Microsoft Visual Studio Solution File, Format Version 12.00
# Visual Studio 15
VisualStudioVersion = 15.0.28010.2016
MinimumVisualStudioVersion = 10.0.40219.1
Project("{FAE04EC0-301F-11D3-BF4B-00C04F79EFBC}") = "StringBuilder", "StringBuilder\StringBuilder.csproj", "{B7418F08-9D9A-44DE-A243-836D221FB2BC}"
EndProject
Global
	GlobalSection(SolutionConfigurationPlatforms) = preSolution
		Debug|Any CPU = Debug|Any CPU
		Release|Any CPU = Release|Any CPU
	EndGlobalSection
	GlobalSection(ProjectConfigurationPlatforms) = postSolution
		{B7418F08-9D9A-44DE-A243-836D221FB2BC}.Debug|Any CPU.ActiveCfg = Debug|Any CPU
		{B7418F08-9D9A-44DE-A243-836D221FB2BC}.Debug|Any CPU.Build.0 = Debug|Any CPU
		{B7418F08-9D9A-44DE-A243-836D221FB2BC}.Release|Any CPU.ActiveCfg = Release|Any CPU
		{B7418F08-9D9A-44DE-A243-836D221FB2BC}.Release|Any CPU.Build.0 = Release|Any CPU
	EndGlobalSection
	GlobalSection(SolutionProperties) = preSolution
		HideSolutionNode = FALSE
	EndGlobalSection
	GlobalSection(ExtensibilityGlobals) = postSolution
		SolutionGuid = {E89690ED-908C-4EEC-B5F6-2FB6EED637A4}
	EndGlobalSection
EndGlobal
