
Microsoft Visual Studio Solution File, Format Version 12.00
# Visual Studio 15
VisualStudioVersion = 15.0.28010.2016
MinimumVisualStudioVersion = 10.0.40219.1
Project("{FAE04EC0-301F-11D3-BF4B-00C04F79EFBC}") = "Packt-CreatingClasses", "Packt-CreatingClasses\Packt-CreatingClasses.csproj", "{20A13A0A-A491-4AEF-9A52-551CC0A42CA8}"
EndProject
Global
	GlobalSection(SolutionConfigurationPlatforms) = preSolution
		Debug|Any CPU = Debug|Any CPU
		Release|Any CPU = Release|Any CPU
	EndGlobalSection
	GlobalSection(ProjectConfigurationPlatforms) = postSolution
		{20A13A0A-A491-4AEF-9A52-551CC0A42CA8}.Debug|Any CPU.ActiveCfg = Debug|Any CPU
		{20A13A0A-A491-4AEF-9A52-551CC0A42CA8}.Debug|Any CPU.Build.0 = Debug|Any CPU
		{20A13A0A-A491-4AEF-9A52-551CC0A42CA8}.Release|Any CPU.ActiveCfg = Release|Any CPU
		{20A13A0A-A491-4AEF-9A52-551CC0A42CA8}.Release|Any CPU.Build.0 = Release|Any CPU
	EndGlobalSection
	GlobalSection(SolutionProperties) = preSolution
		HideSolutionNode = FALSE
	EndGlobalSection
	GlobalSection(ExtensibilityGlobals) = postSolution
		SolutionGuid = {89CA7854-241E-4804-89FF-821C69820085}
	EndGlobalSection
EndGlobal
