
Microsoft Visual Studio Solution File, Format Version 12.00
# Visual Studio 15
VisualStudioVersion = 15.0.28010.2016
MinimumVisualStudioVersion = 10.0.40219.1
Project("{FAE04EC0-301F-11D3-BF4B-00C04F79EFBC}") = "Tuples", "Tuples\Tuples.csproj", "{0DD1B800-0C74-4989-BBB9-FDBB855B90D5}"
EndProject
Project("{9A19103F-16F7-4668-BE54-9A1E7A4F7556}") = "PatternMatching", "PatternMatching\PatternMatching.csproj", "{76532C04-86F8-4B45-AAD6-88D1438ABE82}"
EndProject
Project("{9A19103F-16F7-4668-BE54-9A1E7A4F7556}") = "Ref-Locals-Returns", "Ref-Locals-Returns\Ref-Locals-Returns.csproj", "{3F9D9678-36AD-4F35-980B-6C1AEF328A0B}"
EndProject
Project("{9A19103F-16F7-4668-BE54-9A1E7A4F7556}") = "InlineoutVariables", "InlineoutVariables\InlineoutVariables.csproj", "{73541ACA-1BC9-4F48-BB91-0FD2FB6359BA}"
EndProject
Project("{FAE04EC0-301F-11D3-BF4B-00C04F79EFBC}") = "localFunctions", "localFunctions\localFunctions.csproj", "{5C553A0C-F59A-41F2-BCC0-2AFCEA0DF826}"
EndProject
Project("{FAE04EC0-301F-11D3-BF4B-00C04F79EFBC}") = "ExpressionBodiedmembers", "ExpressionBodiedmembers\ExpressionBodiedmembers.csproj", "{6FD9BAC7-110B-4E45-ACC4-521B2E821F23}"
EndProject
Global
	GlobalSection(SolutionConfigurationPlatforms) = preSolution
		Debug|Any CPU = Debug|Any CPU
		Release|Any CPU = Release|Any CPU
	EndGlobalSection
	GlobalSection(ProjectConfigurationPlatforms) = postSolution
		{0DD1B800-0C74-4989-BBB9-FDBB855B90D5}.Debug|Any CPU.ActiveCfg = Debug|Any CPU
		{0DD1B800-0C74-4989-BBB9-FDBB855B90D5}.Debug|Any CPU.Build.0 = Debug|Any CPU
		{0DD1B800-0C74-4989-BBB9-FDBB855B90D5}.Release|Any CPU.ActiveCfg = Release|Any CPU
		{0DD1B800-0C74-4989-BBB9-FDBB855B90D5}.Release|Any CPU.Build.0 = Release|Any CPU
		{76532C04-86F8-4B45-AAD6-88D1438ABE82}.Debug|Any CPU.ActiveCfg = Debug|Any CPU
		{76532C04-86F8-4B45-AAD6-88D1438ABE82}.Debug|Any CPU.Build.0 = Debug|Any CPU
		{76532C04-86F8-4B45-AAD6-88D1438ABE82}.Release|Any CPU.ActiveCfg = Release|Any CPU
		{76532C04-86F8-4B45-AAD6-88D1438ABE82}.Release|Any CPU.Build.0 = Release|Any CPU
		{3F9D9678-36AD-4F35-980B-6C1AEF328A0B}.Debug|Any CPU.ActiveCfg = Debug|Any CPU
		{3F9D9678-36AD-4F35-980B-6C1AEF328A0B}.Debug|Any CPU.Build.0 = Debug|Any CPU
		{3F9D9678-36AD-4F35-980B-6C1AEF328A0B}.Release|Any CPU.ActiveCfg = Release|Any CPU
		{3F9D9678-36AD-4F35-980B-6C1AEF328A0B}.Release|Any CPU.Build.0 = Release|Any CPU
		{73541ACA-1BC9-4F48-BB91-0FD2FB6359BA}.Debug|Any CPU.ActiveCfg = Debug|Any CPU
		{73541ACA-1BC9-4F48-BB91-0FD2FB6359BA}.Debug|Any CPU.Build.0 = Debug|Any CPU
		{73541ACA-1BC9-4F48-BB91-0FD2FB6359BA}.Release|Any CPU.ActiveCfg = Release|Any CPU
		{73541ACA-1BC9-4F48-BB91-0FD2FB6359BA}.Release|Any CPU.Build.0 = Release|Any CPU
		{5C553A0C-F59A-41F2-BCC0-2AFCEA0DF826}.Debug|Any CPU.ActiveCfg = Debug|Any CPU
		{5C553A0C-F59A-41F2-BCC0-2AFCEA0DF826}.Debug|Any CPU.Build.0 = Debug|Any CPU
		{5C553A0C-F59A-41F2-BCC0-2AFCEA0DF826}.Release|Any CPU.ActiveCfg = Release|Any CPU
		{5C553A0C-F59A-41F2-BCC0-2AFCEA0DF826}.Release|Any CPU.Build.0 = Release|Any CPU
		{6FD9BAC7-110B-4E45-ACC4-521B2E821F23}.Debug|Any CPU.ActiveCfg = Debug|Any CPU
		{6FD9BAC7-110B-4E45-ACC4-521B2E821F23}.Debug|Any CPU.Build.0 = Debug|Any CPU
		{6FD9BAC7-110B-4E45-ACC4-521B2E821F23}.Release|Any CPU.ActiveCfg = Release|Any CPU
		{6FD9BAC7-110B-4E45-ACC4-521B2E821F23}.Release|Any CPU.Build.0 = Release|Any CPU
	EndGlobalSection
	GlobalSection(SolutionProperties) = preSolution
		HideSolutionNode = FALSE
	EndGlobalSection
	GlobalSection(ExtensibilityGlobals) = postSolution
		SolutionGuid = {5FAAE226-D819-4F1E-AB5E-03E7FF4A6D6B}
	EndGlobalSection
EndGlobal
