
Microsoft Visual Studio Solution File, Format Version 12.00
# Visual Studio 15
VisualStudioVersion = 15.0.28010.2016
MinimumVisualStudioVersion = 10.0.40219.1
Project("{FAE04EC0-301F-11D3-BF4B-00C04F79EFBC}") = "Packt-MultipleValuesFromMethod-ONE", "Packt-MultipleValuesFromMethod-ONE\Packt-MultipleValuesFromMethod-ONE.csproj", "{F460B7E3-CF9E-448D-B218-85377D6DBE7A}"
EndProject
Global
	GlobalSection(SolutionConfigurationPlatforms) = preSolution
		Debug|Any CPU = Debug|Any CPU
		Release|Any CPU = Release|Any CPU
	EndGlobalSection
	GlobalSection(ProjectConfigurationPlatforms) = postSolution
		{F460B7E3-CF9E-448D-B218-85377D6DBE7A}.Debug|Any CPU.ActiveCfg = Debug|Any CPU
		{F460B7E3-CF9E-448D-B218-85377D6DBE7A}.Debug|Any CPU.Build.0 = Debug|Any CPU
		{F460B7E3-CF9E-448D-B218-85377D6DBE7A}.Release|Any CPU.ActiveCfg = Release|Any CPU
		{F460B7E3-CF9E-448D-B218-85377D6DBE7A}.Release|Any CPU.Build.0 = Release|Any CPU
	EndGlobalSection
	GlobalSection(SolutionProperties) = preSolution
		HideSolutionNode = FALSE
	EndGlobalSection
	GlobalSection(ExtensibilityGlobals) = postSolution
		SolutionGuid = {E8A9B015-28C5-4828-8663-99194E9D49AA}
	EndGlobalSection
EndGlobal
